
Microsoft Visual Studio Solution File, Format Version 12.00
# Visual Studio 15
VisualStudioVersion = 15.0.27703.2042
MinimumVisualStudioVersion = 10.0.40219.1
Project("{FAE04EC0-301F-11D3-BF4B-00C04F79EFBC}") = "TestAddOn", "TestAddOn\TestAddOn.csproj", "{42DFF6F0-FB9B-4979-B738-815DBF8D7A50}"
EndProject
Project("{FAE04EC0-301F-11D3-BF4B-00C04F79EFBC}") = "TestAddOnWeb", "TestAddOnWeb\TestAddOnWeb.csproj", "{99E600FC-5FCA-4C6A-AFA4-17DA3025EC20}"
EndProject
Global
	GlobalSection(SolutionConfigurationPlatforms) = preSolution
		Debug|Any CPU = Debug|Any CPU
		Release|Any CPU = Release|Any CPU
	EndGlobalSection
	GlobalSection(ProjectConfigurationPlatforms) = postSolution
		{42DFF6F0-FB9B-4979-B738-815DBF8D7A50}.Debug|Any CPU.ActiveCfg = Debug|Any CPU
		{42DFF6F0-FB9B-4979-B738-815DBF8D7A50}.Debug|Any CPU.Build.0 = Debug|Any CPU
		{42DFF6F0-FB9B-4979-B738-815DBF8D7A50}.Debug|Any CPU.Deploy.0 = Debug|Any CPU
		{42DFF6F0-FB9B-4979-B738-815DBF8D7A50}.Release|Any CPU.ActiveCfg = Release|Any CPU
		{42DFF6F0-FB9B-4979-B738-815DBF8D7A50}.Release|Any CPU.Build.0 = Release|Any CPU
		{42DFF6F0-FB9B-4979-B738-815DBF8D7A50}.Release|Any CPU.Deploy.0 = Release|Any CPU
		{99E600FC-5FCA-4C6A-AFA4-17DA3025EC20}.Debug|Any CPU.ActiveCfg = Debug|Any CPU
		{99E600FC-5FCA-4C6A-AFA4-17DA3025EC20}.Debug|Any CPU.Build.0 = Debug|Any CPU
		{99E600FC-5FCA-4C6A-AFA4-17DA3025EC20}.Release|Any CPU.ActiveCfg = Release|Any CPU
		{99E600FC-5FCA-4C6A-AFA4-17DA3025EC20}.Release|Any CPU.Build.0 = Release|Any CPU
	EndGlobalSection
	GlobalSection(SolutionProperties) = preSolution
		HideSolutionNode = FALSE
	EndGlobalSection
	GlobalSection(ExtensibilityGlobals) = postSolution
		SolutionGuid = {4E0D10E6-77B2-412C-BAEA-A465D90C3759}
	EndGlobalSection
EndGlobal
