
Microsoft Visual Studio Solution File, Format Version 12.00
# Visual Studio 15
VisualStudioVersion = 15.0.27703.2042
MinimumVisualStudioVersion = 10.0.40219.1
Project("{FAE04EC0-301F-11D3-BF4B-00C04F79EFBC}") = "WordWebAddIn1", "WordWebAddIn1\WordWebAddIn1.csproj", "{910C4C80-0974-4AE7-8D7A-3CFD3CA0CC3A}"
EndProject
Project("{FAE04EC0-301F-11D3-BF4B-00C04F79EFBC}") = "WordWebAddIn1Web", "WordWebAddIn1Web\WordWebAddIn1Web.csproj", "{A535D87C-EA0D-47E0-BB18-59105AFAE830}"
EndProject
Global
	GlobalSection(SolutionConfigurationPlatforms) = preSolution
		Debug|Any CPU = Debug|Any CPU
		Release|Any CPU = Release|Any CPU
	EndGlobalSection
	GlobalSection(ProjectConfigurationPlatforms) = postSolution
		{910C4C80-0974-4AE7-8D7A-3CFD3CA0CC3A}.Debug|Any CPU.ActiveCfg = Debug|Any CPU
		{910C4C80-0974-4AE7-8D7A-3CFD3CA0CC3A}.Debug|Any CPU.Build.0 = Debug|Any CPU
		{910C4C80-0974-4AE7-8D7A-3CFD3CA0CC3A}.Debug|Any CPU.Deploy.0 = Debug|Any CPU
		{910C4C80-0974-4AE7-8D7A-3CFD3CA0CC3A}.Release|Any CPU.ActiveCfg = Release|Any CPU
		{910C4C80-0974-4AE7-8D7A-3CFD3CA0CC3A}.Release|Any CPU.Build.0 = Release|Any CPU
		{910C4C80-0974-4AE7-8D7A-3CFD3CA0CC3A}.Release|Any CPU.Deploy.0 = Release|Any CPU
		{A535D87C-EA0D-47E0-BB18-59105AFAE830}.Debug|Any CPU.ActiveCfg = Debug|Any CPU
		{A535D87C-EA0D-47E0-BB18-59105AFAE830}.Debug|Any CPU.Build.0 = Debug|Any CPU
		{A535D87C-EA0D-47E0-BB18-59105AFAE830}.Release|Any CPU.ActiveCfg = Release|Any CPU
		{A535D87C-EA0D-47E0-BB18-59105AFAE830}.Release|Any CPU.Build.0 = Release|Any CPU
	EndGlobalSection
	GlobalSection(SolutionProperties) = preSolution
		HideSolutionNode = FALSE
	EndGlobalSection
	GlobalSection(ExtensibilityGlobals) = postSolution
		SolutionGuid = {5F34ED91-8B27-478E-AE78-90590D1D3AD3}
	EndGlobalSection
EndGlobal
